
Microsoft Visual Studio Solution File, Format Version 12.00
# Visual Studio 15
Project("{FAE04EC0-301F-11D3-BF4B-00C04F79EFBC}") = "dot-net-core-template", "dot-net-core-template\dot-net-core-template.csproj", "{5BE53CAD-ED8E-4B18-A46C-EE73B4BA2668}"
EndProject
Global
	GlobalSection(SolutionConfigurationPlatforms) = preSolution
		Debug|Any CPU = Debug|Any CPU
		Release|Any CPU = Release|Any CPU
	EndGlobalSection
	GlobalSection(ProjectConfigurationPlatforms) = postSolution
		{5BE53CAD-ED8E-4B18-A46C-EE73B4BA2668}.Debug|Any CPU.ActiveCfg = Debug|Any CPU
		{5BE53CAD-ED8E-4B18-A46C-EE73B4BA2668}.Debug|Any CPU.Build.0 = Debug|Any CPU
		{5BE53CAD-ED8E-4B18-A46C-EE73B4BA2668}.Release|Any CPU.ActiveCfg = Release|Any CPU
		{5BE53CAD-ED8E-4B18-A46C-EE73B4BA2668}.Release|Any CPU.Build.0 = Release|Any CPU
	EndGlobalSection
EndGlobal
